
Microsoft Visual Studio Solution File, Format Version 12.00
# Visual Studio Version 17
VisualStudioVersion = 17.11.35312.102
MinimumVisualStudioVersion = 10.0.40219.1
Project("{FAE04EC0-301F-11D3-BF4B-00C04F79EFBC}") = "secondproject", "secondproject\secondproject.csproj", "{F1723F5D-C8A6-4B22-ACA3-ACA1B504D00D}"
EndProject
Global
	GlobalSection(SolutionConfigurationPlatforms) = preSolution
		Debug|Any CPU = Debug|Any CPU
		Release|Any CPU = Release|Any CPU
	EndGlobalSection
	GlobalSection(ProjectConfigurationPlatforms) = postSolution
		{F1723F5D-C8A6-4B22-ACA3-ACA1B504D00D}.Debug|Any CPU.ActiveCfg = Debug|Any CPU
		{F1723F5D-C8A6-4B22-ACA3-ACA1B504D00D}.Debug|Any CPU.Build.0 = Debug|Any CPU
		{F1723F5D-C8A6-4B22-ACA3-ACA1B504D00D}.Release|Any CPU.ActiveCfg = Release|Any CPU
		{F1723F5D-C8A6-4B22-ACA3-ACA1B504D00D}.Release|Any CPU.Build.0 = Release|Any CPU
	EndGlobalSection
	GlobalSection(SolutionProperties) = preSolution
		HideSolutionNode = FALSE
	EndGlobalSection
	GlobalSection(ExtensibilityGlobals) = postSolution
		SolutionGuid = {B145FFAB-6A5D-4229-9A2E-5FDEBE15B8A8}
	EndGlobalSection
EndGlobal
